
Microsoft Visual Studio Solution File, Format Version 12.00
# Visual Studio Version 17
VisualStudioVersion = 17.0.32014.148
MinimumVisualStudioVersion = 10.0.40219.1
Project("{9A19103F-16F7-4668-BE54-9A1E7A4F7556}") = "WorkTimeManager.Web", "src\WorkTimeManager.Web\WorkTimeManager.Web.csproj", "{07CEF52A-CC4D-4EEE-AB5A-FC6895510174}"
EndProject
Project("{9A19103F-16F7-4668-BE54-9A1E7A4F7556}") = "WorkTimeManager.Core", "src\WorkTimeManager.Core\WorkTimeManager.Core.csproj", "{C32B5BE1-6296-441C-B7AD-A399E5500816}"
EndProject
Project("{9A19103F-16F7-4668-BE54-9A1E7A4F7556}") = "WorkTimeManager.Infrastructure", "src\WorkTimeManager.Infrastructure\WorkTimeManager.Infrastructure.csproj", "{CD497A81-F713-4A7C-BB67-B0E37040C696}"
EndProject
Global
	GlobalSection(SolutionConfigurationPlatforms) = preSolution
		Debug|Any CPU = Debug|Any CPU
		Release|Any CPU = Release|Any CPU
	EndGlobalSection
	GlobalSection(ProjectConfigurationPlatforms) = postSolution
		{07CEF52A-CC4D-4EEE-AB5A-FC6895510174}.Debug|Any CPU.ActiveCfg = Debug|Any CPU
		{07CEF52A-CC4D-4EEE-AB5A-FC6895510174}.Debug|Any CPU.Build.0 = Debug|Any CPU
		{07CEF52A-CC4D-4EEE-AB5A-FC6895510174}.Release|Any CPU.ActiveCfg = Release|Any CPU
		{07CEF52A-CC4D-4EEE-AB5A-FC6895510174}.Release|Any CPU.Build.0 = Release|Any CPU
		{C32B5BE1-6296-441C-B7AD-A399E5500816}.Debug|Any CPU.ActiveCfg = Debug|Any CPU
		{C32B5BE1-6296-441C-B7AD-A399E5500816}.Debug|Any CPU.Build.0 = Debug|Any CPU
		{C32B5BE1-6296-441C-B7AD-A399E5500816}.Release|Any CPU.ActiveCfg = Release|Any CPU
		{C32B5BE1-6296-441C-B7AD-A399E5500816}.Release|Any CPU.Build.0 = Release|Any CPU
		{CD497A81-F713-4A7C-BB67-B0E37040C696}.Debug|Any CPU.ActiveCfg = Debug|Any CPU
		{CD497A81-F713-4A7C-BB67-B0E37040C696}.Debug|Any CPU.Build.0 = Debug|Any CPU
		{CD497A81-F713-4A7C-BB67-B0E37040C696}.Release|Any CPU.ActiveCfg = Release|Any CPU
		{CD497A81-F713-4A7C-BB67-B0E37040C696}.Release|Any CPU.Build.0 = Release|Any CPU
	EndGlobalSection
	GlobalSection(SolutionProperties) = preSolution
		HideSolutionNode = FALSE
	EndGlobalSection
	GlobalSection(ExtensibilityGlobals) = postSolution
		SolutionGuid = {AD80FA87-E4D4-4637-A46A-1202CFA31149}
	EndGlobalSection
EndGlobal
